
Microsoft Visual Studio Solution File, Format Version 12.00
# Visual Studio 2013
VisualStudioVersion = 12.0.21005.1
MinimumVisualStudioVersion = 10.0.40219.1
Project("{8BC9CEB8-8B4A-11D0-8D11-00A0C91BC942}") = "CommuCenter", "CommuCenter\CommuCenter.vcxproj", "{71D82DDF-6A57-44BC-A72C-892D05E453C2}"
EndProject
Project("{8BC9CEB8-8B4A-11D0-8D11-00A0C91BC942}") = "ClientAdb", "ClientAdb\ClientAdb.vcxproj", "{68B874B6-E29D-4F71-85FB-2BF49426A70D}"
EndProject
Project("{8BC9CEB8-8B4A-11D0-8D11-00A0C91BC942}") = "ServerAdb", "ServerAdb\ServerAdb.vcxproj", "{95B5A0FA-1115-4439-B3A8-28B47A0A0998}"
EndProject
Global
	GlobalSection(SolutionConfigurationPlatforms) = preSolution
		Debug|Win32 = Debug|Win32
		Release|Win32 = Release|Win32
	EndGlobalSection
	GlobalSection(ProjectConfigurationPlatforms) = postSolution
		{71D82DDF-6A57-44BC-A72C-892D05E453C2}.Debug|Win32.ActiveCfg = Debug|Win32
		{71D82DDF-6A57-44BC-A72C-892D05E453C2}.Debug|Win32.Build.0 = Debug|Win32
		{71D82DDF-6A57-44BC-A72C-892D05E453C2}.Release|Win32.ActiveCfg = Release|Win32
		{71D82DDF-6A57-44BC-A72C-892D05E453C2}.Release|Win32.Build.0 = Release|Win32
		{68B874B6-E29D-4F71-85FB-2BF49426A70D}.Debug|Win32.ActiveCfg = Debug|Win32
		{68B874B6-E29D-4F71-85FB-2BF49426A70D}.Debug|Win32.Build.0 = Debug|Win32
		{68B874B6-E29D-4F71-85FB-2BF49426A70D}.Release|Win32.ActiveCfg = Release|Win32
		{68B874B6-E29D-4F71-85FB-2BF49426A70D}.Release|Win32.Build.0 = Release|Win32
		{95B5A0FA-1115-4439-B3A8-28B47A0A0998}.Debug|Win32.ActiveCfg = Debug|Win32
		{95B5A0FA-1115-4439-B3A8-28B47A0A0998}.Debug|Win32.Build.0 = Debug|Win32
		{95B5A0FA-1115-4439-B3A8-28B47A0A0998}.Release|Win32.ActiveCfg = Release|Win32
		{95B5A0FA-1115-4439-B3A8-28B47A0A0998}.Release|Win32.Build.0 = Release|Win32
	EndGlobalSection
	GlobalSection(SolutionProperties) = preSolution
		HideSolutionNode = FALSE
	EndGlobalSection
EndGlobal
